
Microsoft Visual Studio Solution File, Format Version 12.00
# Visual Studio Version 18
VisualStudioVersion = 18.4.11626.88 stable
MinimumVisualStudioVersion = 10.0.40219.1
Project("{FAE04EC0-301F-11D3-BF4B-00C04F79EFBC}") = "KooliProjekt.Application", "KooliProjekt.Application\KooliProjekt.Application.csproj", "{AE74289E-DE79-F788-C2DC-BADD9C633513}"
EndProject
Project("{FAE04EC0-301F-11D3-BF4B-00C04F79EFBC}") = "KooliProjekt.WebAPI", "KooliProjekt.WebAPI\KooliProjekt.WebAPI.csproj", "{5A2101DC-D650-6EBB-6EBB-3FE62A3E9647}"
EndProject
Project("{FAE04EC0-301F-11D3-BF4B-00C04F79EFBC}") = "KooliProjekt.Application.UnitTests", "KooliProjekt.Application.UnitTests\KooliProjekt.Application.UnitTests.csproj", "{2A87BA3E-D920-4748-A2A8-913917B3A5EC}"
EndProject
Project("{FAE04EC0-301F-11D3-BF4B-00C04F79EFBC}") = "KooliProjekt.IntegrationTests", "KooliProjekt.IntegrationTests\KooliProjekt.IntegrationTests.csproj", "{FB3C75F0-2F07-4333-A07A-5FEB280A3DEB}"
EndProject
Project("{FAE04EC0-301F-11D3-BF4B-00C04F79EFBC}") = "KooliProjekt.WindowsForms", "KooliProjekt.WindowsForms\KooliProjekt.WindowsForms.csproj", "{44F4A19F-355C-47AF-8F9B-4384663EF9D2}"
EndProject
Project("{FAE04EC0-301F-11D3-BF4B-00C04F79EFBC}") = "KooliProjekt.WindowsForms.UnitTests", "KooliProjekt.WindowsForms.UnitTests\KooliProjekt.WindowsForms.UnitTests.csproj", "{4E814A8D-73DD-4B78-BC82-AC82442C82A1}"
EndProject
Project("{FAE04EC0-301F-11D3-BF4B-00C04F79EFBC}") = "KooliProjekt.WpfApplication", "KooliProjekt.WpfApplication\KooliProjekt.WpfApplication.csproj", "{A84BC8D7-3A66-4E2E-8963-B813E34C55B5}"
EndProject
Project("{FAE04EC0-301F-11D3-BF4B-00C04F79EFBC}") = "KooliProjekt.WpfApplication.UnitTests", "KooliProjekt.WpfApplication.UnitTests\KooliProjekt.WpfApplication.UnitTests.csproj", "{C6D20BD6-1D76-F096-FFDA-F69EA4C3F081}"
EndProject
Global
	GlobalSection(SolutionConfigurationPlatforms) = preSolution
		Debug|Any CPU = Debug|Any CPU
		Debug|x64 = Debug|x64
		Debug|x86 = Debug|x86
		Release|Any CPU = Release|Any CPU
		Release|x64 = Release|x64
		Release|x86 = Release|x86
	EndGlobalSection
	GlobalSection(ProjectConfigurationPlatforms) = postSolution
		{AE74289E-DE79-F788-C2DC-BADD9C633513}.Debug|Any CPU.ActiveCfg = Debug|Any CPU
		{AE74289E-DE79-F788-C2DC-BADD9C633513}.Debug|Any CPU.Build.0 = Debug|Any CPU
		{AE74289E-DE79-F788-C2DC-BADD9C633513}.Debug|x64.ActiveCfg = Debug|Any CPU
		{AE74289E-DE79-F788-C2DC-BADD9C633513}.Debug|x64.Build.0 = Debug|Any CPU
		{AE74289E-DE79-F788-C2DC-BADD9C633513}.Debug|x86.ActiveCfg = Debug|Any CPU
		{AE74289E-DE79-F788-C2DC-BADD9C633513}.Debug|x86.Build.0 = Debug|Any CPU
		{AE74289E-DE79-F788-C2DC-BADD9C633513}.Release|Any CPU.ActiveCfg = Release|Any CPU
		{AE74289E-DE79-F788-C2DC-BADD9C633513}.Release|Any CPU.Build.0 = Release|Any CPU
		{AE74289E-DE79-F788-C2DC-BADD9C633513}.Release|x64.ActiveCfg = Release|Any CPU
		{AE74289E-DE79-F788-C2DC-BADD9C633513}.Release|x64.Build.0 = Release|Any CPU
		{AE74289E-DE79-F788-C2DC-BADD9C633513}.Release|x86.ActiveCfg = Release|Any CPU
		{AE74289E-DE79-F788-C2DC-BADD9C633513}.Release|x86.Build.0 = Release|Any CPU
		{5A2101DC-D650-6EBB-6EBB-3FE62A3E9647}.Debug|Any CPU.ActiveCfg = Debug|Any CPU
		{5A2101DC-D650-6EBB-6EBB-3FE62A3E9647}.Debug|Any CPU.Build.0 = Debug|Any CPU
		{5A2101DC-D650-6EBB-6EBB-3FE62A3E9647}.Debug|x64.ActiveCfg = Debug|Any CPU
		{5A2101DC-D650-6EBB-6EBB-3FE62A3E9647}.Debug|x64.Build.0 = Debug|Any CPU
		{5A2101DC-D650-6EBB-6EBB-3FE62A3E9647}.Debug|x86.ActiveCfg = Debug|Any CPU
		{5A2101DC-D650-6EBB-6EBB-3FE62A3E9647}.Debug|x86.Build.0 = Debug|Any CPU
		{5A2101DC-D650-6EBB-6EBB-3FE62A3E9647}.Release|Any CPU.ActiveCfg = Release|Any CPU
		{5A2101DC-D650-6EBB-6EBB-3FE62A3E9647}.Release|Any CPU.Build.0 = Release|Any CPU
		{5A2101DC-D650-6EBB-6EBB-3FE62A3E9647}.Release|x64.ActiveCfg = Release|Any CPU
		{5A2101DC-D650-6EBB-6EBB-3FE62A3E9647}.Release|x64.Build.0 = Release|Any CPU
		{5A2101DC-D650-6EBB-6EBB-3FE62A3E9647}.Release|x86.ActiveCfg = Release|Any CPU
		{5A2101DC-D650-6EBB-6EBB-3FE62A3E9647}.Release|x86.Build.0 = Release|Any CPU
		{2A87BA3E-D920-4748-A2A8-913917B3A5EC}.Debug|Any CPU.ActiveCfg = Debug|Any CPU
		{2A87BA3E-D920-4748-A2A8-913917B3A5EC}.Debug|Any CPU.Build.0 = Debug|Any CPU
		{2A87BA3E-D920-4748-A2A8-913917B3A5EC}.Debug|x64.ActiveCfg = Debug|Any CPU
		{2A87BA3E-D920-4748-A2A8-913917B3A5EC}.Debug|x64.Build.0 = Debug|Any CPU
		{2A87BA3E-D920-4748-A2A8-913917B3A5EC}.Debug|x86.ActiveCfg = Debug|Any CPU
		{2A87BA3E-D920-4748-A2A8-913917B3A5EC}.Debug|x86.Build.0 = Debug|Any CPU
		{2A87BA3E-D920-4748-A2A8-913917B3A5EC}.Release|Any CPU.ActiveCfg = Release|Any CPU
		{2A87BA3E-D920-4748-A2A8-913917B3A5EC}.Release|Any CPU.Build.0 = Release|Any CPU
		{2A87BA3E-D920-4748-A2A8-913917B3A5EC}.Release|x64.ActiveCfg = Release|Any CPU
		{2A87BA3E-D920-4748-A2A8-913917B3A5EC}.Release|x64.Build.0 = Release|Any CPU
		{2A87BA3E-D920-4748-A2A8-913917B3A5EC}.Release|x86.ActiveCfg = Release|Any CPU
		{2A87BA3E-D920-4748-A2A8-913917B3A5EC}.Release|x86.Build.0 = Release|Any CPU
		{FB3C75F0-2F07-4333-A07A-5FEB280A3DEB}.Debug|Any CPU.ActiveCfg = Debug|Any CPU
		{FB3C75F0-2F07-4333-A07A-5FEB280A3DEB}.Debug|Any CPU.Build.0 = Debug|Any CPU
		{FB3C75F0-2F07-4333-A07A-5FEB280A3DEB}.Debug|x64.ActiveCfg = Debug|Any CPU
		{FB3C75F0-2F07-4333-A07A-5FEB280A3DEB}.Debug|x64.Build.0 = Debug|Any CPU
		{FB3C75F0-2F07-4333-A07A-5FEB280A3DEB}.Debug|x86.ActiveCfg = Debug|Any CPU
		{FB3C75F0-2F07-4333-A07A-5FEB280A3DEB}.Debug|x86.Build.0 = Debug|Any CPU
		{FB3C75F0-2F07-4333-A07A-5FEB280A3DEB}.Release|Any CPU.ActiveCfg = Release|Any CPU
		{FB3C75F0-2F07-4333-A07A-5FEB280A3DEB}.Release|Any CPU.Build.0 = Release|Any CPU
		{FB3C75F0-2F07-4333-A07A-5FEB280A3DEB}.Release|x64.ActiveCfg = Release|Any CPU
		{FB3C75F0-2F07-4333-A07A-5FEB280A3DEB}.Release|x64.Build.0 = Release|Any CPU
		{FB3C75F0-2F07-4333-A07A-5FEB280A3DEB}.Release|x86.ActiveCfg = Release|Any CPU
		{FB3C75F0-2F07-4333-A07A-5FEB280A3DEB}.Release|x86.Build.0 = Release|Any CPU
		{44F4A19F-355C-47AF-8F9B-4384663EF9D2}.Debug|Any CPU.ActiveCfg = Debug|Any CPU
		{44F4A19F-355C-47AF-8F9B-4384663EF9D2}.Debug|Any CPU.Build.0 = Debug|Any CPU
		{44F4A19F-355C-47AF-8F9B-4384663EF9D2}.Debug|x64.ActiveCfg = Debug|Any CPU
		{44F4A19F-355C-47AF-8F9B-4384663EF9D2}.Debug|x64.Build.0 = Debug|Any CPU
		{44F4A19F-355C-47AF-8F9B-4384663EF9D2}.Debug|x86.ActiveCfg = Debug|Any CPU
		{44F4A19F-355C-47AF-8F9B-4384663EF9D2}.Debug|x86.Build.0 = Debug|Any CPU
		{44F4A19F-355C-47AF-8F9B-4384663EF9D2}.Release|Any CPU.ActiveCfg = Release|Any CPU
		{44F4A19F-355C-47AF-8F9B-4384663EF9D2}.Release|Any CPU.Build.0 = Release|Any CPU
		{44F4A19F-355C-47AF-8F9B-4384663EF9D2}.Release|x64.ActiveCfg = Release|Any CPU
		{44F4A19F-355C-47AF-8F9B-4384663EF9D2}.Release|x64.Build.0 = Release|Any CPU
		{44F4A19F-355C-47AF-8F9B-4384663EF9D2}.Release|x86.ActiveCfg = Release|Any CPU
		{44F4A19F-355C-47AF-8F9B-4384663EF9D2}.Release|x86.Build.0 = Release|Any CPU
		{4E814A8D-73DD-4B78-BC82-AC82442C82A1}.Debug|Any CPU.ActiveCfg = Debug|Any CPU
		{4E814A8D-73DD-4B78-BC82-AC82442C82A1}.Debug|Any CPU.Build.0 = Debug|Any CPU
		{4E814A8D-73DD-4B78-BC82-AC82442C82A1}.Debug|x64.ActiveCfg = Debug|Any CPU
		{4E814A8D-73DD-4B78-BC82-AC82442C82A1}.Debug|x64.Build.0 = Debug|Any CPU
		{4E814A8D-73DD-4B78-BC82-AC82442C82A1}.Debug|x86.ActiveCfg = Debug|Any CPU
		{4E814A8D-73DD-4B78-BC82-AC82442C82A1}.Debug|x86.Build.0 = Debug|Any CPU
		{4E814A8D-73DD-4B78-BC82-AC82442C82A1}.Release|Any CPU.ActiveCfg = Release|Any CPU
		{4E814A8D-73DD-4B78-BC82-AC82442C82A1}.Release|Any CPU.Build.0 = Release|Any CPU
		{4E814A8D-73DD-4B78-BC82-AC82442C82A1}.Release|x64.ActiveCfg = Release|Any CPU
		{4E814A8D-73DD-4B78-BC82-AC82442C82A1}.Release|x64.Build.0 = Release|Any CPU
		{4E814A8D-73DD-4B78-BC82-AC82442C82A1}.Release|x86.ActiveCfg = Release|Any CPU
		{4E814A8D-73DD-4B78-BC82-AC82442C82A1}.Release|x86.Build.0 = Release|Any CPU
		{A84BC8D7-3A66-4E2E-8963-B813E34C55B5}.Debug|Any CPU.ActiveCfg = Debug|Any CPU
		{A84BC8D7-3A66-4E2E-8963-B813E34C55B5}.Debug|Any CPU.Build.0 = Debug|Any CPU
		{A84BC8D7-3A66-4E2E-8963-B813E34C55B5}.Debug|x64.ActiveCfg = Debug|Any CPU
		{A84BC8D7-3A66-4E2E-8963-B813E34C55B5}.Debug|x64.Build.0 = Debug|Any CPU
		{A84BC8D7-3A66-4E2E-8963-B813E34C55B5}.Debug|x86.ActiveCfg = Debug|Any CPU
		{A84BC8D7-3A66-4E2E-8963-B813E34C55B5}.Debug|x86.Build.0 = Debug|Any CPU
		{A84BC8D7-3A66-4E2E-8963-B813E34C55B5}.Release|Any CPU.ActiveCfg = Release|Any CPU
		{A84BC8D7-3A66-4E2E-8963-B813E34C55B5}.Release|Any CPU.Build.0 = Release|Any CPU
		{A84BC8D7-3A66-4E2E-8963-B813E34C55B5}.Release|x64.ActiveCfg = Release|Any CPU
		{A84BC8D7-3A66-4E2E-8963-B813E34C55B5}.Release|x64.Build.0 = Release|Any CPU
		{A84BC8D7-3A66-4E2E-8963-B813E34C55B5}.Release|x86.ActiveCfg = Release|Any CPU
		{A84BC8D7-3A66-4E2E-8963-B813E34C55B5}.Release|x86.Build.0 = Release|Any CPU
		{C6D20BD6-1D76-F096-FFDA-F69EA4C3F081}.Debug|Any CPU.ActiveCfg = Debug|Any CPU
		{C6D20BD6-1D76-F096-FFDA-F69EA4C3F081}.Debug|Any CPU.Build.0 = Debug|Any CPU
		{C6D20BD6-1D76-F096-FFDA-F69EA4C3F081}.Debug|x64.ActiveCfg = Debug|Any CPU
		{C6D20BD6-1D76-F096-FFDA-F69EA4C3F081}.Debug|x64.Build.0 = Debug|Any CPU
		{C6D20BD6-1D76-F096-FFDA-F69EA4C3F081}.Debug|x86.ActiveCfg = Debug|Any CPU
		{C6D20BD6-1D76-F096-FFDA-F69EA4C3F081}.Debug|x86.Build.0 = Debug|Any CPU
		{C6D20BD6-1D76-F096-FFDA-F69EA4C3F081}.Release|Any CPU.ActiveCfg = Release|Any CPU
		{C6D20BD6-1D76-F096-FFDA-F69EA4C3F081}.Release|Any CPU.Build.0 = Release|Any CPU
		{C6D20BD6-1D76-F096-FFDA-F69EA4C3F081}.Release|x64.ActiveCfg = Release|Any CPU
		{C6D20BD6-1D76-F096-FFDA-F69EA4C3F081}.Release|x64.Build.0 = Release|Any CPU
		{C6D20BD6-1D76-F096-FFDA-F69EA4C3F081}.Release|x86.ActiveCfg = Release|Any CPU
		{C6D20BD6-1D76-F096-FFDA-F69EA4C3F081}.Release|x86.Build.0 = Release|Any CPU
	EndGlobalSection
	GlobalSection(SolutionProperties) = preSolution
		HideSolutionNode = FALSE
	EndGlobalSection
	GlobalSection(ExtensibilityGlobals) = postSolution
		SolutionGuid = {B7234530-7E65-4909-AF3B-3DA3B601BB22}
	EndGlobalSection
EndGlobal
